Microsoft Visual Studio Solution File, Format Version 12.00
# Visual Studio Version 17
VisualStudioVersion = 17.8.0.0
MinimumVisualStudioVersion = 10.0.40219.1
Project("{9A19103F-16F7-4668-BE54-9A1E7A4F7556}") = "FanPulse.Core", "src\FanPulse.Core\FanPulse.Core.csproj", "{7E470001-1111-4A5B-9C3D-000000000001}"
EndProject
Project("{9A19103F-16F7-4668-BE54-9A1E7A4F7556}") = "FanPulse.App", "src\FanPulse.App\FanPulse.App.csproj", "{7E470001-1111-4A5B-9C3D-000000000002}"
EndProject
Project("{9A19103F-16F7-4668-BE54-9A1E7A4F7556}") = "FanPulse.Poc", "src\FanPulse.Poc\FanPulse.Poc.csproj", "{7E470001-1111-4A5B-9C3D-000000000003}"
EndProject
Global
	GlobalSection(SolutionConfigurationPlatforms) = preSolution
		Debug|Any CPU = Debug|Any CPU
		Release|Any CPU = Release|Any CPU
	EndGlobalSection
	GlobalSection(ProjectConfigurationPlatforms) = postSolution
		{7E470001-1111-4A5B-9C3D-000000000001}.Debug|Any CPU.ActiveCfg = Debug|Any CPU
		{7E470001-1111-4A5B-9C3D-000000000001}.Debug|Any CPU.Build.0 = Debug|Any CPU
		{7E470001-1111-4A5B-9C3D-000000000001}.Release|Any CPU.ActiveCfg = Release|Any CPU
		{7E470001-1111-4A5B-9C3D-000000000001}.Release|Any CPU.Build.0 = Release|Any CPU
		{7E470001-1111-4A5B-9C3D-000000000002}.Debug|Any CPU.ActiveCfg = Debug|Any CPU
		{7E470001-1111-4A5B-9C3D-000000000002}.Debug|Any CPU.Build.0 = Debug|Any CPU
		{7E470001-1111-4A5B-9C3D-000000000002}.Release|Any CPU.ActiveCfg = Release|Any CPU
		{7E470001-1111-4A5B-9C3D-000000000002}.Release|Any CPU.Build.0 = Release|Any CPU
		{7E470001-1111-4A5B-9C3D-000000000003}.Debug|Any CPU.ActiveCfg = Debug|Any CPU
		{7E470001-1111-4A5B-9C3D-000000000003}.Debug|Any CPU.Build.0 = Debug|Any CPU
		{7E470001-1111-4A5B-9C3D-000000000003}.Release|Any CPU.ActiveCfg = Release|Any CPU
		{7E470001-1111-4A5B-9C3D-000000000003}.Release|Any CPU.Build.0 = Release|Any CPU
	EndGlobalSection
	GlobalSection(SolutionProperties) = preSolution
		HideSolutionNode = FALSE
	EndGlobalSection
EndGlobal
